
Microsoft Visual Studio Solution File, Format Version 12.00
# Visual Studio 15
VisualStudioVersion = 15.0.26730.10
MinimumVisualStudioVersion = 10.0.40219.1
Project("{9A19103F-16F7-4668-BE54-9A1E7A4F7556}") = "AlbaVulpes.API", "src\AlbaVulpes.API.csproj", "{CC6CFF5A-2548-4B75-A6CF-FABD363A0C42}"
EndProject
Project("{2150E333-8FDC-42A3-9474-1A3956D46DE8}") = "Build", "Build", "{D6BAB298-A58F-48E3-8EBA-1F6736D4CC3B}"
	ProjectSection(SolutionItems) = preProject
		build.cake = build.cake
		build.ps1 = build.ps1
		codeship-services.yml = codeship-services.yml
		codeship-steps.yml = codeship-steps.yml
		Dockerfile = Dockerfile
	EndProjectSection
EndProject
Project("{2150E333-8FDC-42A3-9474-1A3956D46DE8}") = "Deploy", "Deploy", "{21FE47E8-59B9-4551-9126-BB4ABDD49007}"
	ProjectSection(SolutionItems) = preProject
		aws-windows-deployment-manifest.json = aws-windows-deployment-manifest.json
	EndProjectSection
EndProject
Global
	GlobalSection(SolutionConfigurationPlatforms) = preSolution
		Debug|Any CPU = Debug|Any CPU
		Release|Any CPU = Release|Any CPU
	EndGlobalSection
	GlobalSection(ProjectConfigurationPlatforms) = postSolution
		{CC6CFF5A-2548-4B75-A6CF-FABD363A0C42}.Debug|Any CPU.ActiveCfg = Debug|Any CPU
		{CC6CFF5A-2548-4B75-A6CF-FABD363A0C42}.Debug|Any CPU.Build.0 = Debug|Any CPU
		{CC6CFF5A-2548-4B75-A6CF-FABD363A0C42}.Release|Any CPU.ActiveCfg = Release|Any CPU
		{CC6CFF5A-2548-4B75-A6CF-FABD363A0C42}.Release|Any CPU.Build.0 = Release|Any CPU
	EndGlobalSection
	GlobalSection(SolutionProperties) = preSolution
		HideSolutionNode = FALSE
	EndGlobalSection
	GlobalSection(ExtensibilityGlobals) = postSolution
		SolutionGuid = {3DE65954-7BF4-4D84-B6AC-35C1D5F77F46}
	EndGlobalSection
EndGlobal
